
Microsoft Visual Studio Solution File, Format Version 12.00
# Visual Studio Version 17
VisualStudioVersion = 17.14.36221.1
MinimumVisualStudioVersion = 10.0.40219.1
Project("{FAE04EC0-301F-11D3-BF4B-00C04F79EFBC}") = "tutar_glb", "tutar_glb.csproj", "{7D752016-CA8D-45C0-9E5D-1051AC87BA18}"
EndProject
Project("{FAE04EC0-301F-11D3-BF4B-00C04F79EFBC}") = "TutarGlbTest", "..\TutarGlbTest\TutarGlbTest.csproj", "{21F1D569-DF07-4834-A513-714135E2B6F4}"
EndProject
Project("{2150E333-8FDC-42A3-9474-1A3956D46DE8}") = "Solution Items", "Solution Items", "{8EC462FD-D22E-90A8-E5CE-7E832BA40C5D}"
	ProjectSection(SolutionItems) = preProject
		README.md = README.md
	EndProjectSection
EndProject
Global
	GlobalSection(SolutionConfigurationPlatforms) = preSolution
		Debug|Any CPU = Debug|Any CPU
		Release|Any CPU = Release|Any CPU
	EndGlobalSection
	GlobalSection(ProjectConfigurationPlatforms) = postSolution
		{7D752016-CA8D-45C0-9E5D-1051AC87BA18}.Debug|Any CPU.ActiveCfg = Debug|Any CPU
		{7D752016-CA8D-45C0-9E5D-1051AC87BA18}.Debug|Any CPU.Build.0 = Debug|Any CPU
		{7D752016-CA8D-45C0-9E5D-1051AC87BA18}.Release|Any CPU.ActiveCfg = Release|Any CPU
		{7D752016-CA8D-45C0-9E5D-1051AC87BA18}.Release|Any CPU.Build.0 = Release|Any CPU
		{21F1D569-DF07-4834-A513-714135E2B6F4}.Debug|Any CPU.ActiveCfg = Debug|Any CPU
		{21F1D569-DF07-4834-A513-714135E2B6F4}.Debug|Any CPU.Build.0 = Debug|Any CPU
		{21F1D569-DF07-4834-A513-714135E2B6F4}.Release|Any CPU.ActiveCfg = Release|Any CPU
		{21F1D569-DF07-4834-A513-714135E2B6F4}.Release|Any CPU.Build.0 = Release|Any CPU
	EndGlobalSection
	GlobalSection(SolutionProperties) = preSolution
		HideSolutionNode = FALSE
	EndGlobalSection
	GlobalSection(ExtensibilityGlobals) = postSolution
		SolutionGuid = {B4F1AE17-B2BD-489D-A8E2-DE2F36DE9496}
	EndGlobalSection
EndGlobal
